
Microsoft Visual Studio Solution File, Format Version 12.00
# Visual Studio Version 16
VisualStudioVersion = 16.0.32802.440
MinimumVisualStudioVersion = 10.0.40219.1
Project("{FAE04EC0-301F-11D3-BF4B-00C04F79EFBC}") = "BudgetBalance", "BudgetBalance.csproj", "{718B4CAB-842D-4336-90D8-14D6E3376443}"
EndProject
Global
	GlobalSection(SolutionConfigurationPlatforms) = preSolution
		Debug|Any CPU = Debug|Any CPU
		Release|Any CPU = Release|Any CPU
	EndGlobalSection
	GlobalSection(ProjectConfigurationPlatforms) = postSolution
		{718B4CAB-842D-4336-90D8-14D6E3376443}.Debug|Any CPU.ActiveCfg = Debug|Any CPU
		{718B4CAB-842D-4336-90D8-14D6E3376443}.Debug|Any CPU.Build.0 = Debug|Any CPU
		{718B4CAB-842D-4336-90D8-14D6E3376443}.Release|Any CPU.ActiveCfg = Release|Any CPU
		{718B4CAB-842D-4336-90D8-14D6E3376443}.Release|Any CPU.Build.0 = Release|Any CPU
	EndGlobalSection
	GlobalSection(SolutionProperties) = preSolution
		HideSolutionNode = FALSE
	EndGlobalSection
	GlobalSection(ExtensibilityGlobals) = postSolution
		SolutionGuid = {BE5D9EC3-1FFD-4B97-822B-1D6910909527}
	EndGlobalSection
EndGlobal
